// !$*UTF8*$!
{
	archiveVersion = 1;
	classes = {
	};
	objectVersion = 46;
	objects = {

/* Begin PBXBuildFile section */
		00B21BB01C1FE77600F39654 /* main.cpp in Sources */ = {isa = PBXBuildFile; fileRef = 00B21BAF1C1FE77600F39654 /* main.cpp */; };
/* End PBXBuildFile section */

/* Begin PBXCopyFilesBuildPhase section */
		00B21BAA1C1FE77600F39654 /* CopyFiles */ = {
			isa = PBXCopyFilesBuildPhase;
			buildActionMask = 2147483647;
			dstPath = /usr/share/man/man1/;
			dstSubfolderSpec = 0;
			files = (
			);
			runOnlyForDeploymentPostprocessing = 1;
		};
/* End PBXCopyFilesBuildPhase section */

/* Begin PBXFileReference section */
		00B21BAC1C1FE77600F39654 /* SingleList */ = {isa = PBXFileReference; explicitFileType = "compiled.mach-o.executable"; includeInIndex = 0; path = SingleList; sourceTree = BUILT_PRODUCTS_DIR; };
		00B21BAF1C1FE77600F39654 /* main.cpp */ = {isa = PBXFileReference; lastKnownFileType = sourcecode.cpp.cpp; path = main.cpp; sourceTree = "<group>"; };
		00B21BB61C1FE84600F39654 /* SingleNode.h */ = {isa = PBXFileReference; lastKnownFileType = sourcecode.c.h; path = SingleNode.h; sourceTree = "<group>"; };
		00B21BB71C1FFA9A00F39654 /* SingleList.h */ = {isa = PBXFileReference; lastKnownFileType = sourcecode.c.h; path = SingleList.h; sourceTree = "<group>"; };
/* End PBXFileReference section */

/* Begin PBXFrameworksBuildPhase section */
		00B21BA91C1FE77600F39654 /* Frameworks */ = {
			isa = PBXFrameworksBuildPhase;
			buildActionMask = 2147483647;
			files = (
			);
			runOnlyForDeploymentPostprocessing = 0;
		};
/* End PBXFrameworksBuildPhase section */

/* Begin PBXGroup section */
		00B21BA31C1FE77600F39654 = {
			isa = PBXGroup;
			children = (
				00B21BAE1C1FE77600F39654 /* SingleList */,
				00B21BAD1C1FE77600F39654 /* Products */,
			);
			sourceTree = "<group>";
		};
		00B21BAD1C1FE77600F39654 /* Products */ = {
			isa = PBXGroup;
			children = (
				00B21BAC1C1FE77600F39654 /* SingleList */,
			);
			name = Products;
			sourceTree = "<group>";
		};
		00B21BAE1C1FE77600F39654 /* SingleList */ = {
			isa = PBXGroup;
			children = (
				00B21BAF1C1FE77600F39654 /* main.cpp */,
				00B21BB61C1FE84600F39654 /* SingleNode.h */,
				00B21BB71C1FFA9A00F39654 /* SingleList.h */,
			);
			path = SingleList;
			sourceTree = "<group>";
		};
/* End PBXGroup section */

/* Begin PBXNativeTarget section */
		00B21BAB1C1FE77600F39654 /* SingleList */ = {
			isa = PBXNativeTarget;
			buildConfigurationList = 00B21BB31C1FE77600F39654 /* Build configuration list for PBXNativeTarget "SingleList" */;
			buildPhases = (
				00B21BA81C1FE77600F39654 /* Sources */,
				00B21BA91C1FE77600F39654 /* Frameworks */,
				00B21BAA1C1FE77600F39654 /* CopyFiles */,
			);
			buildRules = (
			);
			dependencies = (
			);
			name = SingleList;
			productName = SingleList;
			productReference = 00B21BAC1C1FE77600F39654 /* SingleList */;
			productType = "com.apple.product-type.tool";
		};
/* End PBXNativeTarget section */

/* Begin PBXProject section */
		00B21BA41C1FE77600F39654 /* Project object */ = {
			isa = PBXProject;
			attributes = {
				LastUpgradeCheck = 0720;
				ORGANIZATIONNAME = ycb13;
				TargetAttributes = {
					00B21BAB1C1FE77600F39654 = {
						CreatedOnToolsVersion = 7.2;
					};
				};
			};
			buildConfigurationList = 00B21BA71C1FE77600F39654 /* Build configuration list for PBXProject "SingleList" */;
			compatibilityVersion = "Xcode 3.2";
			developmentRegion = English;
			hasScannedForEncodings = 0;
			knownRegions = (
				en,
			);
			mainGroup = 00B21BA31C1FE77600F39654;
			productRefGroup = 00B21BAD1C1FE77600F39654 /* Products */;
			projectDirPath = "";
			projectRoot = "";
			targets = (
				00B21BAB1C1FE77600F39654 /* SingleList */,
			);
		};
/* End PBXProject section */

/* Begin PBXSourcesBuildPhase section */
		00B21BA81C1FE77600F39654 /* Sources */ = {
			isa = PBXSourcesBuildPhase;
			buildActionMask = 2147483647;
			files = (
				00B21BB01C1FE77600F39654 /* main.cpp in Sources */,
			);
			runOnlyForDeploymentPostprocessing = 0;
		};
/* End PBXSourcesBuildPhase section */

/* Begin XCBuildConfiguration section */
		00B21BB11C1FE77600F39654 /* Debug */ = {
			isa = XCBuildConfiguration;
			buildSettings = {
				ALWAYS_SEARCH_USER_PATHS = NO;
				CLANG_CXX_LANGUAGE_STANDARD = "gnu++0x";
				CLANG_CXX_LIBRARY = "libc++";
				CLANG_ENABLE_MODULES = YES;
				CLANG_ENABLE_OBJC_ARC = YES;
				CLANG_WARN_BOOL_CONVERSION = YES;
				CLANG_WARN_CONSTANT_CONVERSION = YES;
				CLANG_WARN_DIRECT_OBJC_ISA_USAGE = YES_ERROR;
				CLANG_WARN_EMPTY_BODY = YES;
				CLANG_WARN_ENUM_CONVERSION = YES;
				CLANG_WARN_INT_CONVERSION = YES;
				CLANG_WARN_OBJC_ROOT_CLASS = YES_ERROR;
				CLANG_WARN_UNREACHABLE_CODE = YES;
				CLANG_WARN__DUPLICATE_METHOD_MATCH = YES;
				CODE_SIGN_IDENTITY = "-";
				COPY_PHASE_STRIP = NO;
				DEBUG_INFORMATION_FORMAT = dwarf;
				ENABLE_STRICT_OBJC_MSGSEND = YES;
				ENABLE_TESTABILITY = YES;
				GCC_C_LANGUAGE_STANDARD = gnu99;
				GCC_DYNAMIC_NO_PIC = NO;
				GCC_NO_COMMON_BLOCKS = YES;
				GCC_OPTIMIZATION_LEVEL = 0;
				GCC_PREPROCESSOR_DEFINITIONS = (
					"DEBUG=1",
					"$(inherited)",
				);
				GCC_WARN_64_TO_32_BIT_CONVERSION = YES;
				GCC_WARN_ABOUT_RETURN_TYPE = YES_ERROR;
				GCC_WARN_UNDECLARED_SELECTOR = YES;
				GCC_WARN_UNINITIALIZED_AUTOS = YES_AGGRESSIVE;
				GCC_WARN_UNUSED_FUNCTION = YES;
				GCC_WARN_UNUSED_VARIABLE = YES;
				MACOSX_DEPLOYMENT_TARGET = 10.11;
				MTL_ENABLE_DEBUG_INFO = YES;
				ONLY_ACTIVE_ARCH = YES;
				SDKROOT = macosx;
			};
			name = Debug;
		};
		00B21BB21C1FE77600F39654 /* Release */ = {
			isa = XCBuildConfiguration;
			buildSettings = {
				ALWAYS_SEARCH_USER_PATHS = NO;
				CLANG_CXX_LANGUAGE_STANDARD = "gnu++0x";
				CLANG_CXX_LIBRARY = "libc++";
				CLANG_ENABLE_MODULES = YES;
				CLANG_ENABLE_OBJC_ARC = YES;
				CLANG_WARN_BOOL_CONVERSION = YES;
				CLANG_WARN_CONSTANT_CONVERSION = YES;
				CLANG_WARN_DIRECT_OBJC_ISA_USAGE = YES_ERROR;
				CLANG_WARN_EMPTY_BODY = YES;
				CLANG_WARN_ENUM_CONVERSION = YES;
				CLANG_WARN_INT_CONVERSION = YES;
				CLANG_WARN_OBJC_ROOT_CLASS = YES_ERROR;
				CLANG_WARN_UNREACHABLE_CODE = YES;
				CLANG_WARN__DUPLICATE_METHOD_MATCH = YES;
				CODE_SIGN_IDENTITY = "-";
				COPY_PHASE_STRIP = NO;
				DEBUG_INFORMATION_FORMAT = "dwarf-with-dsym";
				ENABLE_NS_ASSERTIONS = NO;
				ENABLE_STRICT_OBJC_MSGSEND = YES;
				GCC_C_LANGUAGE_STANDARD = gnu99;
				GCC_NO_COMMON_BLOCKS = YES;
				GCC_WARN_64_TO_32_BIT_CONVERSION = YES;
				GCC_WARN_ABOUT_RETURN_TYPE = YES_ERROR;
				GCC_WARN_UNDECLARED_SELECTOR = YES;
				GCC_WARN_UNINITIALIZED_AUTOS = YES_AGGRESSIVE;
				GCC_WARN_UNUSED_FUNCTION = YES;
				GCC_WARN_UNUSED_VARIABLE = YES;
				MACOSX_DEPLOYMENT_TARGET = 10.11;
				MTL_ENABLE_DEBUG_INFO = NO;
				SDKROOT = macosx;
			};
			name = Release;
		};
		00B21BB41C1FE77600F39654 /* Debug */ = {
			isa = XCBuildConfiguration;
			buildSettings = {
				PRODUCT_NAME = "$(TARGET_NAME)";
			};
			name = Debug;
		};
		00B21BB51C1FE77600F39654 /* Release */ = {
			isa = XCBuildConfiguration;
			buildSettings = {
				PRODUCT_NAME = "$(TARGET_NAME)";
			};
			name = Release;
		};
/* End XCBuildConfiguration section */

/* Begin XCConfigurationList section */
		00B21BA71C1FE77600F39654 /* Build configuration list for PBXProject "SingleList" */ = {
			isa = XCConfigurationList;
			buildConfigurations = (
				00B21BB11C1FE77600F39654 /* Debug */,
				00B21BB21C1FE77600F39654 /* Release */,
			);
			defaultConfigurationIsVisible = 0;
			defaultConfigurationName = Release;
		};
		00B21BB31C1FE77600F39654 /* Build configuration list for PBXNativeTarget "SingleList" */ = {
			isa = XCConfigurationList;
			buildConfigurations = (
				00B21BB41C1FE77600F39654 /* Debug */,
				00B21BB51C1FE77600F39654 /* Release */,
			);
			defaultConfigurationIsVisible = 0;
		};
/* End XCConfigurationList section */
	};
	rootObject = 00B21BA41C1FE77600F39654 /* Project object */;
}
